
Microsoft Visual Studio Solution File, Format Version 12.00
# Visual Studio 15
VisualStudioVersion = 15.0.26730.12
MinimumVisualStudioVersion = 15.0.26124.0
Project("{9A19103F-16F7-4668-BE54-9A1E7A4F7556}") = "Pimbrouwersdotcom.Domain", "src\Pimbrouwersdotcom.Domain\Pimbrouwersdotcom.Domain.csproj", "{42622227-2995-4B8F-AF4E-C820BE5B28CC}"
EndProject
Project("{9A19103F-16F7-4668-BE54-9A1E7A4F7556}") = "Pimbrouwersdotcom.Data", "src\Pimbrouwersdotcom.Data\Pimbrouwersdotcom.Data.csproj", "{8291CA0A-B6E5-4B87-A220-0A7A94090C0F}"
EndProject
Project("{9A19103F-16F7-4668-BE54-9A1E7A4F7556}") = "Pimbrouwersdotcom.Web", "src\Pimbrouwersdotcom.Web\Pimbrouwersdotcom.Web.csproj", "{9D1EC970-D4A6-42AE-A092-2A8B1D7C643A}"
EndProject
Project("{2150E333-8FDC-42A3-9474-1A3956D46DE8}") = "Solution Items", "Solution Items", "{D6F5DCDD-9932-4455-9977-570E31B48C41}"
	ProjectSection(SolutionItems) = preProject
		schema.sql = schema.sql
	EndProjectSection
EndProject
Project("{9A19103F-16F7-4668-BE54-9A1E7A4F7556}") = "Pimbrouwersdotcom.Data.Tests", "src\Pimbrouwersdotcom.Data.Tests\Pimbrouwersdotcom.Data.Tests.csproj", "{CE92835F-FCF5-4D15-A6DD-A402F5EA9688}"
EndProject
Global
	GlobalSection(SolutionConfigurationPlatforms) = preSolution
		Debug|Any CPU = Debug|Any CPU
		Debug|x64 = Debug|x64
		Debug|x86 = Debug|x86
		Release|Any CPU = Release|Any CPU
		Release|x64 = Release|x64
		Release|x86 = Release|x86
	EndGlobalSection
	GlobalSection(ProjectConfigurationPlatforms) = postSolution
		{42622227-2995-4B8F-AF4E-C820BE5B28CC}.Debug|Any CPU.ActiveCfg = Debug|Any CPU
		{42622227-2995-4B8F-AF4E-C820BE5B28CC}.Debug|Any CPU.Build.0 = Debug|Any CPU
		{42622227-2995-4B8F-AF4E-C820BE5B28CC}.Debug|x64.ActiveCfg = Debug|Any CPU
		{42622227-2995-4B8F-AF4E-C820BE5B28CC}.Debug|x64.Build.0 = Debug|Any CPU
		{42622227-2995-4B8F-AF4E-C820BE5B28CC}.Debug|x86.ActiveCfg = Debug|Any CPU
		{42622227-2995-4B8F-AF4E-C820BE5B28CC}.Debug|x86.Build.0 = Debug|Any CPU
		{42622227-2995-4B8F-AF4E-C820BE5B28CC}.Release|Any CPU.ActiveCfg = Release|Any CPU
		{42622227-2995-4B8F-AF4E-C820BE5B28CC}.Release|Any CPU.Build.0 = Release|Any CPU
		{42622227-2995-4B8F-AF4E-C820BE5B28CC}.Release|x64.ActiveCfg = Release|Any CPU
		{42622227-2995-4B8F-AF4E-C820BE5B28CC}.Release|x64.Build.0 = Release|Any CPU
		{42622227-2995-4B8F-AF4E-C820BE5B28CC}.Release|x86.ActiveCfg = Release|Any CPU
		{42622227-2995-4B8F-AF4E-C820BE5B28CC}.Release|x86.Build.0 = Release|Any CPU
		{8291CA0A-B6E5-4B87-A220-0A7A94090C0F}.Debug|Any CPU.ActiveCfg = Debug|Any CPU
		{8291CA0A-B6E5-4B87-A220-0A7A94090C0F}.Debug|Any CPU.Build.0 = Debug|Any CPU
		{8291CA0A-B6E5-4B87-A220-0A7A94090C0F}.Debug|x64.ActiveCfg = Debug|Any CPU
		{8291CA0A-B6E5-4B87-A220-0A7A94090C0F}.Debug|x64.Build.0 = Debug|Any CPU
		{8291CA0A-B6E5-4B87-A220-0A7A94090C0F}.Debug|x86.ActiveCfg = Debug|Any CPU
		{8291CA0A-B6E5-4B87-A220-0A7A94090C0F}.Debug|x86.Build.0 = Debug|Any CPU
		{8291CA0A-B6E5-4B87-A220-0A7A94090C0F}.Release|Any CPU.ActiveCfg = Release|Any CPU
		{8291CA0A-B6E5-4B87-A220-0A7A94090C0F}.Release|Any CPU.Build.0 = Release|Any CPU
		{8291CA0A-B6E5-4B87-A220-0A7A94090C0F}.Release|x64.ActiveCfg = Release|Any CPU
		{8291CA0A-B6E5-4B87-A220-0A7A94090C0F}.Release|x64.Build.0 = Release|Any CPU
		{8291CA0A-B6E5-4B87-A220-0A7A94090C0F}.Release|x86.ActiveCfg = Release|Any CPU
		{8291CA0A-B6E5-4B87-A220-0A7A94090C0F}.Release|x86.Build.0 = Release|Any CPU
		{9D1EC970-D4A6-42AE-A092-2A8B1D7C643A}.Debug|Any CPU.ActiveCfg = Debug|Any CPU
		{9D1EC970-D4A6-42AE-A092-2A8B1D7C643A}.Debug|Any CPU.Build.0 = Debug|Any CPU
		{9D1EC970-D4A6-42AE-A092-2A8B1D7C643A}.Debug|x64.ActiveCfg = Debug|Any CPU
		{9D1EC970-D4A6-42AE-A092-2A8B1D7C643A}.Debug|x64.Build.0 = Debug|Any CPU
		{9D1EC970-D4A6-42AE-A092-2A8B1D7C643A}.Debug|x86.ActiveCfg = Debug|Any CPU
		{9D1EC970-D4A6-42AE-A092-2A8B1D7C643A}.Debug|x86.Build.0 = Debug|Any CPU
		{9D1EC970-D4A6-42AE-A092-2A8B1D7C643A}.Release|Any CPU.ActiveCfg = Release|Any CPU
		{9D1EC970-D4A6-42AE-A092-2A8B1D7C643A}.Release|Any CPU.Build.0 = Release|Any CPU
		{9D1EC970-D4A6-42AE-A092-2A8B1D7C643A}.Release|x64.ActiveCfg = Release|Any CPU
		{9D1EC970-D4A6-42AE-A092-2A8B1D7C643A}.Release|x64.Build.0 = Release|Any CPU
		{9D1EC970-D4A6-42AE-A092-2A8B1D7C643A}.Release|x86.ActiveCfg = Release|Any CPU
		{9D1EC970-D4A6-42AE-A092-2A8B1D7C643A}.Release|x86.Build.0 = Release|Any CPU
		{CE92835F-FCF5-4D15-A6DD-A402F5EA9688}.Debug|Any CPU.ActiveCfg = Debug|Any CPU
		{CE92835F-FCF5-4D15-A6DD-A402F5EA9688}.Debug|Any CPU.Build.0 = Debug|Any CPU
		{CE92835F-FCF5-4D15-A6DD-A402F5EA9688}.Debug|x64.ActiveCfg = Debug|Any CPU
		{CE92835F-FCF5-4D15-A6DD-A402F5EA9688}.Debug|x64.Build.0 = Debug|Any CPU
		{CE92835F-FCF5-4D15-A6DD-A402F5EA9688}.Debug|x86.ActiveCfg = Debug|Any CPU
		{CE92835F-FCF5-4D15-A6DD-A402F5EA9688}.Debug|x86.Build.0 = Debug|Any CPU
		{CE92835F-FCF5-4D15-A6DD-A402F5EA9688}.Release|Any CPU.ActiveCfg = Release|Any CPU
		{CE92835F-FCF5-4D15-A6DD-A402F5EA9688}.Release|Any CPU.Build.0 = Release|Any CPU
		{CE92835F-FCF5-4D15-A6DD-A402F5EA9688}.Release|x64.ActiveCfg = Release|Any CPU
		{CE92835F-FCF5-4D15-A6DD-A402F5EA9688}.Release|x64.Build.0 = Release|Any CPU
		{CE92835F-FCF5-4D15-A6DD-A402F5EA9688}.Release|x86.ActiveCfg = Release|Any CPU
		{CE92835F-FCF5-4D15-A6DD-A402F5EA9688}.Release|x86.Build.0 = Release|Any CPU
	EndGlobalSection
	GlobalSection(SolutionProperties) = preSolution
		HideSolutionNode = FALSE
	EndGlobalSection
	GlobalSection(ExtensibilityGlobals) = postSolution
		SolutionGuid = {197E3FDA-AE5F-442A-A8C1-16B3626A57CB}
	EndGlobalSection
EndGlobal
